// !$*UTF8*$!
{
	archiveVersion = 1;
	classes = {
	};
	objectVersion = 46;
	objects = {

/* Begin PBXBuildFile section */
		3B58A7F91C33AA600099D07F /* AppDelegate.swift in Sources */ = {isa = PBXBuildFile; fileRef = 3B58A7F81C33AA600099D07F /* AppDelegate.swift */; };
		3B58A7FB1C33AA600099D07F /* ViewController.swift in Sources */ = {isa = PBXBuildFile; fileRef = 3B58A7FA1C33AA600099D07F /* ViewController.swift */; };
		3B58A7FE1C33AA600099D07F /* Main.storyboard in Resources */ = {isa = PBXBuildFile; fileRef = 3B58A7FC1C33AA600099D07F /* Main.storyboard */; };
		3B58A8001C33AA600099D07F /* Assets.xcassets in Resources */ = {isa = PBXBuildFile; fileRef = 3B58A7FF1C33AA600099D07F /* Assets.xcassets */; };
		3B58A8031C33AA600099D07F /* LaunchScreen.storyboard in Resources */ = {isa = PBXBuildFile; fileRef = 3B58A8011C33AA600099D07F /* LaunchScreen.storyboard */; };
		3B58A80E1C33AA600099D07F /* acquaintedTests.swift in Sources */ = {isa = PBXBuildFile; fileRef = 3B58A80D1C33AA600099D07F /* acquaintedTests.swift */; };
		3B58A8191C33AA600099D07F /* acquaintedUITests.swift in Sources */ = {isa = PBXBuildFile; fileRef = 3B58A8181C33AA600099D07F /* acquaintedUITests.swift */; };
/* End PBXBuildFile section */

/* Begin PBXContainerItemProxy section */
		3B58A80A1C33AA600099D07F /* PBXContainerItemProxy */ = {
			isa = PBXContainerItemProxy;
			containerPortal = 3B58A7ED1C33AA600099D07F /* Project object */;
			proxyType = 1;
			remoteGlobalIDString = 3B58A7F41C33AA600099D07F;
			remoteInfo = acquainted;
		};
		3B58A8151C33AA600099D07F /* PBXContainerItemProxy */ = {
			isa = PBXContainerItemProxy;
			containerPortal = 3B58A7ED1C33AA600099D07F /* Project object */;
			proxyType = 1;
			remoteGlobalIDString = 3B58A7F41C33AA600099D07F;
			remoteInfo = acquainted;
		};
/* End PBXContainerItemProxy section */

/* Begin PBXFileReference section */
		3B58A7F51C33AA600099D07F /* acquainted.app */ = {isa = PBXFileReference; explicitFileType = wrapper.application; includeInIndex = 0; path = acquainted.app; sourceTree = BUILT_PRODUCTS_DIR; };
		3B58A7F81C33AA600099D07F /* AppDelegate.swift */ = {isa = PBXFileReference; lastKnownFileType = sourcecode.swift; path = AppDelegate.swift; sourceTree = "<group>"; };
		3B58A7FA1C33AA600099D07F /* ViewController.swift */ = {isa = PBXFileReference; lastKnownFileType = sourcecode.swift; path = ViewController.swift; sourceTree = "<group>"; };
		3B58A7FD1C33AA600099D07F /* Base */ = {isa = PBXFileReference; lastKnownFileType = file.storyboard; name = Base; path = Base.lproj/Main.storyboard; sourceTree = "<group>"; };
		3B58A7FF1C33AA600099D07F /* Assets.xcassets */ = {isa = PBXFileReference; lastKnownFileType = folder.assetcatalog; path = Assets.xcassets; sourceTree = "<group>"; };
		3B58A8021C33AA600099D07F /* Base */ = {isa = PBXFileReference; lastKnownFileType = file.storyboard; name = Base; path = Base.lproj/LaunchScreen.storyboard; sourceTree = "<group>"; };
		3B58A8041C33AA600099D07F /* Info.plist */ = {isa = PBXFileReference; lastKnownFileType = text.plist.xml; path = Info.plist; sourceTree = "<group>"; };
		3B58A8091C33AA600099D07F /* acquaintedTests.xctest */ = {isa = PBXFileReference; explicitFileType = wrapper.cfbundle; includeInIndex = 0; path = acquaintedTests.xctest; sourceTree = BUILT_PRODUCTS_DIR; };
		3B58A80D1C33AA600099D07F /* acquaintedTests.swift */ = {isa = PBXFileReference; lastKnownFileType = sourcecode.swift; path = acquaintedTests.swift; sourceTree = "<group>"; };
		3B58A80F1C33AA600099D07F /* Info.plist */ = {isa = PBXFileReference; lastKnownFileType = text.plist.xml; path = Info.plist; sourceTree = "<group>"; };
		3B58A8141C33AA600099D07F /* acquaintedUITests.xctest */ = {isa = PBXFileReference; explicitFileType = wrapper.cfbundle; includeInIndex = 0; path = acquaintedUITests.xctest; sourceTree = BUILT_PRODUCTS_DIR; };
		3B58A8181C33AA600099D07F /* acquaintedUITests.swift */ = {isa = PBXFileReference; lastKnownFileType = sourcecode.swift; path = acquaintedUITests.swift; sourceTree = "<group>"; };
		3B58A81A1C33AA600099D07F /* Info.plist */ = {isa = PBXFileReference; lastKnownFileType = text.plist.xml; path = Info.plist; sourceTree = "<group>"; };
/* End PBXFileReference section */

/* Begin PBXFrameworksBuildPhase section */
		3B58A7F21C33AA600099D07F /* Frameworks */ = {
			isa = PBXFrameworksBuildPhase;
			buildActionMask = 2147483647;
			files = (
			);
			runOnlyForDeploymentPostprocessing = 0;
		};
		3B58A8061C33AA600099D07F /* Frameworks */ = {
			isa = PBXFrameworksBuildPhase;
			buildActionMask = 2147483647;
			files = (
			);
			runOnlyForDeploymentPostprocessing = 0;
		};
		3B58A8111C33AA600099D07F /* Frameworks */ = {
			isa = PBXFrameworksBuildPhase;
			buildActionMask = 2147483647;
			files = (
			);
			runOnlyForDeploymentPostprocessing = 0;
		};
/* End PBXFrameworksBuildPhase section */

/* Begin PBXGroup section */
		3B58A7EC1C33AA600099D07F = {
			isa = PBXGroup;
			children = (
				3B58A7F71C33AA600099D07F /* acquainted */,
				3B58A80C1C33AA600099D07F /* acquaintedTests */,
				3B58A8171C33AA600099D07F /* acquaintedUITests */,
				3B58A7F61C33AA600099D07F /* Products */,
			);
			sourceTree = "<group>";
		};
		3B58A7F61C33AA600099D07F /* Products */ = {
			isa = PBXGroup;
			children = (
				3B58A7F51C33AA600099D07F /* acquainted.app */,
				3B58A8091C33AA600099D07F /* acquaintedTests.xctest */,
				3B58A8141C33AA600099D07F /* acquaintedUITests.xctest */,
			);
			name = Products;
			sourceTree = "<group>";
		};
		3B58A7F71C33AA600099D07F /* acquainted */ = {
			isa = PBXGroup;
			children = (
				3B58A7F81C33AA600099D07F /* AppDelegate.swift */,
				3B58A7FA1C33AA600099D07F /* ViewController.swift */,
				3B58A7FC1C33AA600099D07F /* Main.storyboard */,
				3B58A7FF1C33AA600099D07F /* Assets.xcassets */,
				3B58A8011C33AA600099D07F /* LaunchScreen.storyboard */,
				3B58A8041C33AA600099D07F /* Info.plist */,
			);
			path = acquainted;
			sourceTree = "<group>";
		};
		3B58A80C1C33AA600099D07F /* acquaintedTests */ = {
			isa = PBXGroup;
			children = (
				3B58A80D1C33AA600099D07F /* acquaintedTests.swift */,
				3B58A80F1C33AA600099D07F /* Info.plist */,
			);
			path = acquaintedTests;
			sourceTree = "<group>";
		};
		3B58A8171C33AA600099D07F /* acquaintedUITests */ = {
			isa = PBXGroup;
			children = (
				3B58A8181C33AA600099D07F /* acquaintedUITests.swift */,
				3B58A81A1C33AA600099D07F /* Info.plist */,
			);
			path = acquaintedUITests;
			sourceTree = "<group>";
		};
/* End PBXGroup section */

/* Begin PBXNativeTarget section */
		3B58A7F41C33AA600099D07F /* acquainted */ = {
			isa = PBXNativeTarget;
			buildConfigurationList = 3B58A81D1C33AA600099D07F /* Build configuration list for PBXNativeTarget "acquainted" */;
			buildPhases = (
				3B58A7F11C33AA600099D07F /* Sources */,
				3B58A7F21C33AA600099D07F /* Frameworks */,
				3B58A7F31C33AA600099D07F /* Resources */,
			);
			buildRules = (
			);
			dependencies = (
			);
			name = acquainted;
			productName = acquainted;
			productReference = 3B58A7F51C33AA600099D07F /* acquainted.app */;
			productType = "com.apple.product-type.application";
		};
		3B58A8081C33AA600099D07F /* acquaintedTests */ = {
			isa = PBXNativeTarget;
			buildConfigurationList = 3B58A8201C33AA600099D07F /* Build configuration list for PBXNativeTarget "acquaintedTests" */;
			buildPhases = (
				3B58A8051C33AA600099D07F /* Sources */,
				3B58A8061C33AA600099D07F /* Frameworks */,
				3B58A8071C33AA600099D07F /* Resources */,
			);
			buildRules = (
			);
			dependencies = (
				3B58A80B1C33AA600099D07F /* PBXTargetDependency */,
			);
			name = acquaintedTests;
			productName = acquaintedTests;
			productReference = 3B58A8091C33AA600099D07F /* acquaintedTests.xctest */;
			productType = "com.apple.product-type.bundle.unit-test";
		};
		3B58A8131C33AA600099D07F /* acquaintedUITests */ = {
			isa = PBXNativeTarget;
			buildConfigurationList = 3B58A8231C33AA600099D07F /* Build configuration list for PBXNativeTarget "acquaintedUITests" */;
			buildPhases = (
				3B58A8101C33AA600099D07F /* Sources */,
				3B58A8111C33AA600099D07F /* Frameworks */,
				3B58A8121C33AA600099D07F /* Resources */,
			);
			buildRules = (
			);
			dependencies = (
				3B58A8161C33AA600099D07F /* PBXTargetDependency */,
			);
			name = acquaintedUITests;
			productName = acquaintedUITests;
			productReference = 3B58A8141C33AA600099D07F /* acquaintedUITests.xctest */;
			productType = "com.apple.product-type.bundle.ui-testing";
		};
/* End PBXNativeTarget section */

/* Begin PBXProject section */
		3B58A7ED1C33AA600099D07F /* Project object */ = {
			isa = PBXProject;
			attributes = {
				LastUpgradeCheck = 0700;
				ORGANIZATIONNAME = "Michelle Venetucci Harvey";
				TargetAttributes = {
					3B58A7F41C33AA600099D07F = {
						CreatedOnToolsVersion = 7.0.1;
					};
					3B58A8081C33AA600099D07F = {
						CreatedOnToolsVersion = 7.0.1;
						TestTargetID = 3B58A7F41C33AA600099D07F;
					};
					3B58A8131C33AA600099D07F = {
						CreatedOnToolsVersion = 7.0.1;
						TestTargetID = 3B58A7F41C33AA600099D07F;
					};
				};
			};
			buildConfigurationList = 3B58A7F01C33AA600099D07F /* Build configuration list for PBXProject "acquainted" */;
			compatibilityVersion = "Xcode 3.2";
			developmentRegion = English;
			hasScannedForEncodings = 0;
			knownRegions = (
				en,
				Base,
			);
			mainGroup = 3B58A7EC1C33AA600099D07F;
			productRefGroup = 3B58A7F61C33AA600099D07F /* Products */;
			projectDirPath = "";
			projectRoot = "";
			targets = (
				3B58A7F41C33AA600099D07F /* acquainted */,
				3B58A8081C33AA600099D07F /* acquaintedTests */,
				3B58A8131C33AA600099D07F /* acquaintedUITests */,
			);
		};
/* End PBXProject section */

/* Begin PBXResourcesBuildPhase section */
		3B58A7F31C33AA600099D07F /* Resources */ = {
			isa = PBXResourcesBuildPhase;
			buildActionMask = 2147483647;
			files = (
				3B58A8031C33AA600099D07F /* LaunchScreen.storyboard in Resources */,
				3B58A8001C33AA600099D07F /* Assets.xcassets in Resources */,
				3B58A7FE1C33AA600099D07F /* Main.storyboard in Resources */,
			);
			runOnlyForDeploymentPostprocessing = 0;
		};
		3B58A8071C33AA600099D07F /* Resources */ = {
			isa = PBXResourcesBuildPhase;
			buildActionMask = 2147483647;
			files = (
			);
			runOnlyForDeploymentPostprocessing = 0;
		};
		3B58A8121C33AA600099D07F /* Resources */ = {
			isa = PBXResourcesBuildPhase;
			buildActionMask = 2147483647;
			files = (
			);
			runOnlyForDeploymentPostprocessing = 0;
		};
/* End PBXResourcesBuildPhase section */

/* Begin PBXSourcesBuildPhase section */
		3B58A7F11C33AA600099D07F /* Sources */ = {
			isa = PBXSourcesBuildPhase;
			buildActionMask = 2147483647;
			files = (
				3B58A7FB1C33AA600099D07F /* ViewController.swift in Sources */,
				3B58A7F91C33AA600099D07F /* AppDelegate.swift in Sources */,
			);
			runOnlyForDeploymentPostprocessing = 0;
		};
		3B58A8051C33AA600099D07F /* Sources */ = {
			isa = PBXSourcesBuildPhase;
			buildActionMask = 2147483647;
			files = (
				3B58A80E1C33AA600099D07F /* acquaintedTests.swift in Sources */,
			);
			runOnlyForDeploymentPostprocessing = 0;
		};
		3B58A8101C33AA600099D07F /* Sources */ = {
			isa = PBXSourcesBuildPhase;
			buildActionMask = 2147483647;
			files = (
				3B58A8191C33AA600099D07F /* acquaintedUITests.swift in Sources */,
			);
			runOnlyForDeploymentPostprocessing = 0;
		};
/* End PBXSourcesBuildPhase section */

/* Begin PBXTargetDependency section */
		3B58A80B1C33AA600099D07F /* PBXTargetDependency */ = {
			isa = PBXTargetDependency;
			target = 3B58A7F41C33AA600099D07F /* acquainted */;
			targetProxy = 3B58A80A1C33AA600099D07F /* PBXContainerItemProxy */;
		};
		3B58A8161C33AA600099D07F /* PBXTargetDependency */ = {
			isa = PBXTargetDependency;
			target = 3B58A7F41C33AA600099D07F /* acquainted */;
			targetProxy = 3B58A8151C33AA600099D07F /* PBXContainerItemProxy */;
		};
/* End PBXTargetDependency section */

/* Begin PBXVariantGroup section */
		3B58A7FC1C33AA600099D07F /* Main.storyboard */ = {
			isa = PBXVariantGroup;
			children = (
				3B58A7FD1C33AA600099D07F /* Base */,
			);
			name = Main.storyboard;
			sourceTree = "<group>";
		};
		3B58A8011C33AA600099D07F /* LaunchScreen.storyboard */ = {
			isa = PBXVariantGroup;
			children = (
				3B58A8021C33AA600099D07F /* Base */,
			);
			name = LaunchScreen.storyboard;
			sourceTree = "<group>";
		};
/* End PBXVariantGroup section */

/* Begin XCBuildConfiguration section */
		3B58A81B1C33AA600099D07F /* Debug */ = {
			isa = XCBuildConfiguration;
			buildSettings = {
				ALWAYS_SEARCH_USER_PATHS = NO;
				CLANG_CXX_LANGUAGE_STANDARD = "gnu++0x";
				CLANG_CXX_LIBRARY = "libc++";
				CLANG_ENABLE_MODULES = YES;
				CLANG_ENABLE_OBJC_ARC = YES;
				CLANG_WARN_BOOL_CONVERSION = YES;
				CLANG_WARN_CONSTANT_CONVERSION = YES;
				CLANG_WARN_DIRECT_OBJC_ISA_USAGE = YES_ERROR;
				CLANG_WARN_EMPTY_BODY = YES;
				CLANG_WARN_ENUM_CONVERSION = YES;
				CLANG_WARN_INT_CONVERSION = YES;
				CLANG_WARN_OBJC_ROOT_CLASS = YES_ERROR;
				CLANG_WARN_UNREACHABLE_CODE = YES;
				CLANG_WARN__DUPLICATE_METHOD_MATCH = YES;
				"CODE_SIGN_IDENTITY[sdk=iphoneos*]" = "iPhone Developer";
				COPY_PHASE_STRIP = NO;
				DEBUG_INFORMATION_FORMAT = dwarf;
				ENABLE_STRICT_OBJC_MSGSEND = YES;
				ENABLE_TESTABILITY = YES;
				GCC_C_LANGUAGE_STANDARD = gnu99;
				GCC_DYNAMIC_NO_PIC = NO;
				GCC_NO_COMMON_BLOCKS = YES;
				GCC_OPTIMIZATION_LEVEL = 0;
				GCC_PREPROCESSOR_DEFINITIONS = (
					"DEBUG=1",
					"$(inherited)",
				);
				GCC_WARN_64_TO_32_BIT_CONVERSION = YES;
				GCC_WARN_ABOUT_RETURN_TYPE = YES_ERROR;
				GCC_WARN_UNDECLARED_SELECTOR = YES;
				GCC_WARN_UNINITIALIZED_AUTOS = YES_AGGRESSIVE;
				GCC_WARN_UNUSED_FUNCTION = YES;
				GCC_WARN_UNUSED_VARIABLE = YES;
				IPHONEOS_DEPLOYMENT_TARGET = 9.0;
				MTL_ENABLE_DEBUG_INFO = YES;
				ONLY_ACTIVE_ARCH = YES;
				SDKROOT = iphoneos;
				SWIFT_OPTIMIZATION_LEVEL = "-Onone";
				TARGETED_DEVICE_FAMILY = "1,2";
			};
			name = Debug;
		};
		3B58A81C1C33AA600099D07F /* Release */ = {
			isa = XCBuildConfiguration;
			buildSettings = {
				ALWAYS_SEARCH_USER_PATHS = NO;
				CLANG_CXX_LANGUAGE_STANDARD = "gnu++0x";
				CLANG_CXX_LIBRARY = "libc++";
				CLANG_ENABLE_MODULES = YES;
				CLANG_ENABLE_OBJC_ARC = YES;
				CLANG_WARN_BOOL_CONVERSION = YES;
				CLANG_WARN_CONSTANT_CONVERSION = YES;
				CLANG_WARN_DIRECT_OBJC_ISA_USAGE = YES_ERROR;
				CLANG_WARN_EMPTY_BODY = YES;
				CLANG_WARN_ENUM_CONVERSION = YES;
				CLANG_WARN_INT_CONVERSION = YES;
				CLANG_WARN_OBJC_ROOT_CLASS = YES_ERROR;
				CLANG_WARN_UNREACHABLE_CODE = YES;
				CLANG_WARN__DUPLICATE_METHOD_MATCH = YES;
				"CODE_SIGN_IDENTITY[sdk=iphoneos*]" = "iPhone Developer";
				COPY_PHASE_STRIP = NO;
				DEBUG_INFORMATION_FORMAT = "dwarf-with-dsym";
				ENABLE_NS_ASSERTIONS = NO;
				ENABLE_STRICT_OBJC_MSGSEND = YES;
				GCC_C_LANGUAGE_STANDARD = gnu99;
				GCC_NO_COMMON_BLOCKS = YES;
				GCC_WARN_64_TO_32_BIT_CONVERSION = YES;
				GCC_WARN_ABOUT_RETURN_TYPE = YES_ERROR;
				GCC_WARN_UNDECLARED_SELECTOR = YES;
				GCC_WARN_UNINITIALIZED_AUTOS = YES_AGGRESSIVE;
				GCC_WARN_UNUSED_FUNCTION = YES;
				GCC_WARN_UNUSED_VARIABLE = YES;
				IPHONEOS_DEPLOYMENT_TARGET = 9.0;
				MTL_ENABLE_DEBUG_INFO = NO;
				SDKROOT = iphoneos;
				TARGETED_DEVICE_FAMILY = "1,2";
				VALIDATE_PRODUCT = YES;
			};
			name = Release;
		};
		3B58A81E1C33AA600099D07F /* Debug */ = {
			isa = XCBuildConfiguration;
			buildSettings = {
				ASSETCATALOG_COMPILER_APPICON_NAME = AppIcon;
				INFOPLIST_FILE = acquainted/Info.plist;
				LD_RUNPATH_SEARCH_PATHS = "$(inherited) @executable_path/Frameworks";
				PRODUCT_BUNDLE_IDENTIFIER = venetescher.acquainted;
				PRODUCT_NAME = "$(TARGET_NAME)";
			};
			name = Debug;
		};
		3B58A81F1C33AA600099D07F /* Release */ = {
			isa = XCBuildConfiguration;
			buildSettings = {
				ASSETCATALOG_COMPILER_APPICON_NAME = AppIcon;
				INFOPLIST_FILE = acquainted/Info.plist;
				LD_RUNPATH_SEARCH_PATHS = "$(inherited) @executable_path/Frameworks";
				PRODUCT_BUNDLE_IDENTIFIER = venetescher.acquainted;
				PRODUCT_NAME = "$(TARGET_NAME)";
			};
			name = Release;
		};
		3B58A8211C33AA600099D07F /* Debug */ = {
			isa = XCBuildConfiguration;
			buildSettings = {
				BUNDLE_LOADER = "$(TEST_HOST)";
				INFOPLIST_FILE = acquaintedTests/Info.plist;
				LD_RUNPATH_SEARCH_PATHS = "$(inherited) @executable_path/Frameworks @loader_path/Frameworks";
				PRODUCT_BUNDLE_IDENTIFIER = venetescher.acquaintedTests;
				PRODUCT_NAME = "$(TARGET_NAME)";
				TEST_HOST = "$(BUILT_PRODUCTS_DIR)/acquainted.app/acquainted";
			};
			name = Debug;
		};
		3B58A8221C33AA600099D07F /* Release */ = {
			isa = XCBuildConfiguration;
			buildSettings = {
				BUNDLE_LOADER = "$(TEST_HOST)";
				INFOPLIST_FILE = acquaintedTests/Info.plist;
				LD_RUNPATH_SEARCH_PATHS = "$(inherited) @executable_path/Frameworks @loader_path/Frameworks";
				PRODUCT_BUNDLE_IDENTIFIER = venetescher.acquaintedTests;
				PRODUCT_NAME = "$(TARGET_NAME)";
				TEST_HOST = "$(BUILT_PRODUCTS_DIR)/acquainted.app/acquainted";
			};
			name = Release;
		};
		3B58A8241C33AA600099D07F /* Debug */ = {
			isa = XCBuildConfiguration;
			buildSettings = {
				INFOPLIST_FILE = acquaintedUITests/Info.plist;
				LD_RUNPATH_SEARCH_PATHS = "$(inherited) @executable_path/Frameworks @loader_path/Frameworks";
				PRODUCT_BUNDLE_IDENTIFIER = venetescher.acquaintedUITests;
				PRODUCT_NAME = "$(TARGET_NAME)";
				TEST_TARGET_NAME = acquainted;
				USES_XCTRUNNER = YES;
			};
			name = Debug;
		};
		3B58A8251C33AA600099D07F /* Release */ = {
			isa = XCBuildConfiguration;
			buildSettings = {
				INFOPLIST_FILE = acquaintedUITests/Info.plist;
				LD_RUNPATH_SEARCH_PATHS = "$(inherited) @executable_path/Frameworks @loader_path/Frameworks";
				PRODUCT_BUNDLE_IDENTIFIER = venetescher.acquaintedUITests;
				PRODUCT_NAME = "$(TARGET_NAME)";
				TEST_TARGET_NAME = acquainted;
				USES_XCTRUNNER = YES;
			};
			name = Release;
		};
/* End XCBuildConfiguration section */

/* Begin XCConfigurationList section */
		3B58A7F01C33AA600099D07F /* Build configuration list for PBXProject "acquainted" */ = {
			isa = XCConfigurationList;
			buildConfigurations = (
				3B58A81B1C33AA600099D07F /* Debug */,
				3B58A81C1C33AA600099D07F /* Release */,
			);
			defaultConfigurationIsVisible = 0;
			defaultConfigurationName = Release;
		};
		3B58A81D1C33AA600099D07F /* Build configuration list for PBXNativeTarget "acquainted" */ = {
			isa = XCConfigurationList;
			buildConfigurations = (
				3B58A81E1C33AA600099D07F /* Debug */,
				3B58A81F1C33AA600099D07F /* Release */,
			);
			defaultConfigurationIsVisible = 0;
		};
		3B58A8201C33AA600099D07F /* Build configuration list for PBXNativeTarget "acquaintedTests" */ = {
			isa = XCConfigurationList;
			buildConfigurations = (
				3B58A8211C33AA600099D07F /* Debug */,
				3B58A8221C33AA600099D07F /* Release */,
			);
			defaultConfigurationIsVisible = 0;
		};
		3B58A8231C33AA600099D07F /* Build configuration list for PBXNativeTarget "acquaintedUITests" */ = {
			isa = XCConfigurationList;
			buildConfigurations = (
				3B58A8241C33AA600099D07F /* Debug */,
				3B58A8251C33AA600099D07F /* Release */,
			);
			defaultConfigurationIsVisible = 0;
		};
/* End XCConfigurationList section */
	};
	rootObject = 3B58A7ED1C33AA600099D07F /* Project object */;
}
